
Microsoft Visual Studio Solution File, Format Version 12.00
# Visual Studio 15
VisualStudioVersion = 15.0.28307.136
MinimumVisualStudioVersion = 10.0.40219.1
Project("{FAE04EC0-301F-11D3-BF4B-00C04F79EFBC}") = "ReactSkeleta", "ReactSkeleta\ReactSkeleta.csproj", "{04EC1441-3A4D-42CF-9231-6FF95B10EE52}"
EndProject
Global
	GlobalSection(SolutionConfigurationPlatforms) = preSolution
		Debug|Any CPU = Debug|Any CPU
		Release|Any CPU = Release|Any CPU
	EndGlobalSection
	GlobalSection(ProjectConfigurationPlatforms) = postSolution
		{04EC1441-3A4D-42CF-9231-6FF95B10EE52}.Debug|Any CPU.ActiveCfg = Debug|Any CPU
		{04EC1441-3A4D-42CF-9231-6FF95B10EE52}.Debug|Any CPU.Build.0 = Debug|Any CPU
		{04EC1441-3A4D-42CF-9231-6FF95B10EE52}.Release|Any CPU.ActiveCfg = Release|Any CPU
		{04EC1441-3A4D-42CF-9231-6FF95B10EE52}.Release|Any CPU.Build.0 = Release|Any CPU
	EndGlobalSection
	GlobalSection(SolutionProperties) = preSolution
		HideSolutionNode = FALSE
	EndGlobalSection
	GlobalSection(ExtensibilityGlobals) = postSolution
		SolutionGuid = {7EABF287-F9D3-4E71-BD05-82972094510D}
	EndGlobalSection
EndGlobal
